// !$*UTF8*$!
{
	archiveVersion = 1;
	classes = {
	};
	objectVersion = 50;
	objects = {

/* Begin PBXBuildFile section */
		749ACDFC2423076E000452D5 /* ContactsDB.plist in Resources */ = {isa = PBXBuildFile; fileRef = 749ACDFB2423076E000452D5 /* ContactsDB.plist */; };
		749ACDFE242307B8000452D5 /* PlistLoader.swift in Sources */ = {isa = PBXBuildFile; fileRef = 749ACDFD242307B8000452D5 /* PlistLoader.swift */; };
		749ACE0024230880000452D5 /* Contact.swift in Sources */ = {isa = PBXBuildFile; fileRef = 749ACDFF24230880000452D5 /* Contact.swift */; };
		749ACE022423EB64000452D5 /* ContactListController.swift in Sources */ = {isa = PBXBuildFile; fileRef = 749ACE012423EB64000452D5 /* ContactListController.swift */; };
		749ACE042423EBBA000452D5 /* ContactDetailController.swift in Sources */ = {isa = PBXBuildFile; fileRef = 749ACE032423EBBA000452D5 /* ContactDetailController.swift */; };
		74CB26152422C0A3007FE20A /* AppDelegate.swift in Sources */ = {isa = PBXBuildFile; fileRef = 74CB26142422C0A3007FE20A /* AppDelegate.swift */; };
		74CB26172422C0A3007FE20A /* SceneDelegate.swift in Sources */ = {isa = PBXBuildFile; fileRef = 74CB26162422C0A3007FE20A /* SceneDelegate.swift */; };
		74CB261E2422C0A3007FE20A /* Main.storyboard in Resources */ = {isa = PBXBuildFile; fileRef = 74CB261C2422C0A3007FE20A /* Main.storyboard */; };
		74CB26202422C0A5007FE20A /* Assets.xcassets in Resources */ = {isa = PBXBuildFile; fileRef = 74CB261F2422C0A5007FE20A /* Assets.xcassets */; };
		74CB26232422C0A5007FE20A /* LaunchScreen.storyboard in Resources */ = {isa = PBXBuildFile; fileRef = 74CB26212422C0A5007FE20A /* LaunchScreen.storyboard */; };
		74DE92DF24269663007843FC /* ContactCell.swift in Sources */ = {isa = PBXBuildFile; fileRef = 74DE92DE24269663007843FC /* ContactCell.swift */; };
		74DE92E12426A6AE007843FC /* ContactsDataSource.swift in Sources */ = {isa = PBXBuildFile; fileRef = 74DE92E02426A6AE007843FC /* ContactsDataSource.swift */; };
/* End PBXBuildFile section */

/* Begin PBXFileReference section */
		749ACDFB2423076E000452D5 /* ContactsDB.plist */ = {isa = PBXFileReference; fileEncoding = 4; lastKnownFileType = text.plist.xml; path = ContactsDB.plist; sourceTree = "<group>"; };
		749ACDFD242307B8000452D5 /* PlistLoader.swift */ = {isa = PBXFileReference; lastKnownFileType = sourcecode.swift; path = PlistLoader.swift; sourceTree = "<group>"; };
		749ACDFF24230880000452D5 /* Contact.swift */ = {isa = PBXFileReference; lastKnownFileType = sourcecode.swift; path = Contact.swift; sourceTree = "<group>"; };
		749ACE012423EB64000452D5 /* ContactListController.swift */ = {isa = PBXFileReference; lastKnownFileType = sourcecode.swift; path = ContactListController.swift; sourceTree = "<group>"; };
		749ACE032423EBBA000452D5 /* ContactDetailController.swift */ = {isa = PBXFileReference; lastKnownFileType = sourcecode.swift; path = ContactDetailController.swift; sourceTree = "<group>"; };
		74CB26112422C0A3007FE20A /* Contacts.app */ = {isa = PBXFileReference; explicitFileType = wrapper.application; includeInIndex = 0; path = Contacts.app; sourceTree = BUILT_PRODUCTS_DIR; };
		74CB26142422C0A3007FE20A /* AppDelegate.swift */ = {isa = PBXFileReference; lastKnownFileType = sourcecode.swift; path = AppDelegate.swift; sourceTree = "<group>"; };
		74CB26162422C0A3007FE20A /* SceneDelegate.swift */ = {isa = PBXFileReference; lastKnownFileType = sourcecode.swift; path = SceneDelegate.swift; sourceTree = "<group>"; };
		74CB261D2422C0A3007FE20A /* Base */ = {isa = PBXFileReference; lastKnownFileType = file.storyboard; name = Base; path = Base.lproj/Main.storyboard; sourceTree = "<group>"; };
		74CB261F2422C0A5007FE20A /* Assets.xcassets */ = {isa = PBXFileReference; lastKnownFileType = folder.assetcatalog; path = Assets.xcassets; sourceTree = "<group>"; };
		74CB26222422C0A5007FE20A /* Base */ = {isa = PBXFileReference; lastKnownFileType = file.storyboard; name = Base; path = Base.lproj/LaunchScreen.storyboard; sourceTree = "<group>"; };
		74CB26242422C0A5007FE20A /* Info.plist */ = {isa = PBXFileReference; lastKnownFileType = text.plist.xml; path = Info.plist; sourceTree = "<group>"; };
		74DE92DE24269663007843FC /* ContactCell.swift */ = {isa = PBXFileReference; lastKnownFileType = sourcecode.swift; path = ContactCell.swift; sourceTree = "<group>"; };
		74DE92E02426A6AE007843FC /* ContactsDataSource.swift */ = {isa = PBXFileReference; lastKnownFileType = sourcecode.swift; path = ContactsDataSource.swift; sourceTree = "<group>"; };
/* End PBXFileReference section */

/* Begin PBXFrameworksBuildPhase section */
		74CB260E2422C0A3007FE20A /* Frameworks */ = {
			isa = PBXFrameworksBuildPhase;
			buildActionMask = 2147483647;
			files = (
			);
			runOnlyForDeploymentPostprocessing = 0;
		};
/* End PBXFrameworksBuildPhase section */

/* Begin PBXGroup section */
		74CB26082422C0A3007FE20A = {
			isa = PBXGroup;
			children = (
				74CB26132422C0A3007FE20A /* Contacts */,
				74CB26122422C0A3007FE20A /* Products */,
			);
			sourceTree = "<group>";
		};
		74CB26122422C0A3007FE20A /* Products */ = {
			isa = PBXGroup;
			children = (
				74CB26112422C0A3007FE20A /* Contacts.app */,
			);
			name = Products;
			sourceTree = "<group>";
		};
		74CB26132422C0A3007FE20A /* Contacts */ = {
			isa = PBXGroup;
			children = (
				74CB26142422C0A3007FE20A /* AppDelegate.swift */,
				74CB26162422C0A3007FE20A /* SceneDelegate.swift */,
				74CB261C2422C0A3007FE20A /* Main.storyboard */,
				74CB261F2422C0A5007FE20A /* Assets.xcassets */,
				74CB26212422C0A5007FE20A /* LaunchScreen.storyboard */,
				749ACDFB2423076E000452D5 /* ContactsDB.plist */,
				74CB26242422C0A5007FE20A /* Info.plist */,
				749ACDFD242307B8000452D5 /* PlistLoader.swift */,
				749ACDFF24230880000452D5 /* Contact.swift */,
				749ACE012423EB64000452D5 /* ContactListController.swift */,
				749ACE032423EBBA000452D5 /* ContactDetailController.swift */,
				74DE92DE24269663007843FC /* ContactCell.swift */,
				74DE92E02426A6AE007843FC /* ContactsDataSource.swift */,
			);
			path = Contacts;
			sourceTree = "<group>";
		};
/* End PBXGroup section */

/* Begin PBXNativeTarget section */
		74CB26102422C0A3007FE20A /* Contacts */ = {
			isa = PBXNativeTarget;
			buildConfigurationList = 74CB26272422C0A5007FE20A /* Build configuration list for PBXNativeTarget "Contacts" */;
			buildPhases = (
				74CB260D2422C0A3007FE20A /* Sources */,
				74CB260E2422C0A3007FE20A /* Frameworks */,
				74CB260F2422C0A3007FE20A /* Resources */,
			);
			buildRules = (
			);
			dependencies = (
			);
			name = Contacts;
			productName = Contacts;
			productReference = 74CB26112422C0A3007FE20A /* Contacts.app */;
			productType = "com.apple.product-type.application";
		};
/* End PBXNativeTarget section */

/* Begin PBXProject section */
		74CB26092422C0A3007FE20A /* Project object */ = {
			isa = PBXProject;
			attributes = {
				LastSwiftUpdateCheck = 1130;
				LastUpgradeCheck = 1130;
				ORGANIZATIONNAME = "Francisco Ozuna";
				TargetAttributes = {
					74CB26102422C0A3007FE20A = {
						CreatedOnToolsVersion = 11.3.1;
					};
				};
			};
			buildConfigurationList = 74CB260C2422C0A3007FE20A /* Build configuration list for PBXProject "Contacts" */;
			compatibilityVersion = "Xcode 9.3";
			developmentRegion = en;
			hasScannedForEncodings = 0;
			knownRegions = (
				en,
				Base,
			);
			mainGroup = 74CB26082422C0A3007FE20A;
			productRefGroup = 74CB26122422C0A3007FE20A /* Products */;
			projectDirPath = "";
			projectRoot = "";
			targets = (
				74CB26102422C0A3007FE20A /* Contacts */,
			);
		};
/* End PBXProject section */

/* Begin PBXResourcesBuildPhase section */
		74CB260F2422C0A3007FE20A /* Resources */ = {
			isa = PBXResourcesBuildPhase;
			buildActionMask = 2147483647;
			files = (
				74CB26232422C0A5007FE20A /* LaunchScreen.storyboard in Resources */,
				74CB26202422C0A5007FE20A /* Assets.xcassets in Resources */,
				74CB261E2422C0A3007FE20A /* Main.storyboard in Resources */,
				749ACDFC2423076E000452D5 /* ContactsDB.plist in Resources */,
			);
			runOnlyForDeploymentPostprocessing = 0;
		};
/* End PBXResourcesBuildPhase section */

/* Begin PBXSourcesBuildPhase section */
		74CB260D2422C0A3007FE20A /* Sources */ = {
			isa = PBXSourcesBuildPhase;
			buildActionMask = 2147483647;
			files = (
				749ACE0024230880000452D5 /* Contact.swift in Sources */,
				749ACE042423EBBA000452D5 /* ContactDetailController.swift in Sources */,
				74CB26152422C0A3007FE20A /* AppDelegate.swift in Sources */,
				74CB26172422C0A3007FE20A /* SceneDelegate.swift in Sources */,
				749ACDFE242307B8000452D5 /* PlistLoader.swift in Sources */,
				74DE92E12426A6AE007843FC /* ContactsDataSource.swift in Sources */,
				74DE92DF24269663007843FC /* ContactCell.swift in Sources */,
				749ACE022423EB64000452D5 /* ContactListController.swift in Sources */,
			);
			runOnlyForDeploymentPostprocessing = 0;
		};
/* End PBXSourcesBuildPhase section */

/* Begin PBXVariantGroup section */
		74CB261C2422C0A3007FE20A /* Main.storyboard */ = {
			isa = PBXVariantGroup;
			children = (
				74CB261D2422C0A3007FE20A /* Base */,
			);
			name = Main.storyboard;
			sourceTree = "<group>";
		};
		74CB26212422C0A5007FE20A /* LaunchScreen.storyboard */ = {
			isa = PBXVariantGroup;
			children = (
				74CB26222422C0A5007FE20A /* Base */,
			);
			name = LaunchScreen.storyboard;
			sourceTree = "<group>";
		};
/* End PBXVariantGroup section */

/* Begin XCBuildConfiguration section */
		74CB26252422C0A5007FE20A /* Debug */ = {
			isa = XCBuildConfiguration;
			buildSettings = {
				ALWAYS_SEARCH_USER_PATHS = NO;
				CLANG_ANALYZER_NONNULL = YES;
				CLANG_ANALYZER_NUMBER_OBJECT_CONVERSION = YES_AGGRESSIVE;
				CLANG_CXX_LANGUAGE_STANDARD = "gnu++14";
				CLANG_CXX_LIBRARY = "libc++";
				CLANG_ENABLE_MODULES = YES;
				CLANG_ENABLE_OBJC_ARC = YES;
				CLANG_ENABLE_OBJC_WEAK = YES;
				CLANG_WARN_BLOCK_CAPTURE_AUTORELEASING = YES;
				CLANG_WARN_BOOL_CONVERSION = YES;
				CLANG_WARN_COMMA = YES;
				CLANG_WARN_CONSTANT_CONVERSION = YES;
				CLANG_WARN_DEPRECATED_OBJC_IMPLEMENTATIONS = YES;
				CLANG_WARN_DIRECT_OBJC_ISA_USAGE = YES_ERROR;
				CLANG_WARN_DOCUMENTATION_COMMENTS = YES;
				CLANG_WARN_EMPTY_BODY = YES;
				CLANG_WARN_ENUM_CONVERSION = YES;
				CLANG_WARN_INFINITE_RECURSION = YES;
				CLANG_WARN_INT_CONVERSION = YES;
				CLANG_WARN_NON_LITERAL_NULL_CONVERSION = YES;
				CLANG_WARN_OBJC_IMPLICIT_RETAIN_SELF = YES;
				CLANG_WARN_OBJC_LITERAL_CONVERSION = YES;
				CLANG_WARN_OBJC_ROOT_CLASS = YES_ERROR;
				CLANG_WARN_RANGE_LOOP_ANALYSIS = YES;
				CLANG_WARN_STRICT_PROTOTYPES = YES;
				CLANG_WARN_SUSPICIOUS_MOVE = YES;
				CLANG_WARN_UNGUARDED_AVAILABILITY = YES_AGGRESSIVE;
				CLANG_WARN_UNREACHABLE_CODE = YES;
				CLANG_WARN__DUPLICATE_METHOD_MATCH = YES;
				COPY_PHASE_STRIP = NO;
				DEBUG_INFORMATION_FORMAT = dwarf;
				ENABLE_STRICT_OBJC_MSGSEND = YES;
				ENABLE_TESTABILITY = YES;
				GCC_C_LANGUAGE_STANDARD = gnu11;
				GCC_DYNAMIC_NO_PIC = NO;
				GCC_NO_COMMON_BLOCKS = YES;
				GCC_OPTIMIZATION_LEVEL = 0;
				GCC_PREPROCESSOR_DEFINITIONS = (
					"DEBUG=1",
					"$(inherited)",
				);
				GCC_WARN_64_TO_32_BIT_CONVERSION = YES;
				GCC_WARN_ABOUT_RETURN_TYPE = YES_ERROR;
				GCC_WARN_UNDECLARED_SELECTOR = YES;
				GCC_WARN_UNINITIALIZED_AUTOS = YES_AGGRESSIVE;
				GCC_WARN_UNUSED_FUNCTION = YES;
				GCC_WARN_UNUSED_VARIABLE = YES;
				IPHONEOS_DEPLOYMENT_TARGET = 13.2;
				MTL_ENABLE_DEBUG_INFO = INCLUDE_SOURCE;
				MTL_FAST_MATH = YES;
				ONLY_ACTIVE_ARCH = YES;
				SDKROOT = iphoneos;
				SWIFT_ACTIVE_COMPILATION_CONDITIONS = DEBUG;
				SWIFT_OPTIMIZATION_LEVEL = "-Onone";
			};
			name = Debug;
		};
		74CB26262422C0A5007FE20A /* Release */ = {
			isa = XCBuildConfiguration;
			buildSettings = {
				ALWAYS_SEARCH_USER_PATHS = NO;
				CLANG_ANALYZER_NONNULL = YES;
				CLANG_ANALYZER_NUMBER_OBJECT_CONVERSION = YES_AGGRESSIVE;
				CLANG_CXX_LANGUAGE_STANDARD = "gnu++14";
				CLANG_CXX_LIBRARY = "libc++";
				CLANG_ENABLE_MODULES = YES;
				CLANG_ENABLE_OBJC_ARC = YES;
				CLANG_ENABLE_OBJC_WEAK = YES;
				CLANG_WARN_BLOCK_CAPTURE_AUTORELEASING = YES;
				CLANG_WARN_BOOL_CONVERSION = YES;
				CLANG_WARN_COMMA = YES;
				CLANG_WARN_CONSTANT_CONVERSION = YES;
				CLANG_WARN_DEPRECATED_OBJC_IMPLEMENTATIONS = YES;
				CLANG_WARN_DIRECT_OBJC_ISA_USAGE = YES_ERROR;
				CLANG_WARN_DOCUMENTATION_COMMENTS = YES;
				CLANG_WARN_EMPTY_BODY = YES;
				CLANG_WARN_ENUM_CONVERSION = YES;
				CLANG_WARN_INFINITE_RECURSION = YES;
				CLANG_WARN_INT_CONVERSION = YES;
				CLANG_WARN_NON_LITERAL_NULL_CONVERSION = YES;
				CLANG_WARN_OBJC_IMPLICIT_RETAIN_SELF = YES;
				CLANG_WARN_OBJC_LITERAL_CONVERSION = YES;
				CLANG_WARN_OBJC_ROOT_CLASS = YES_ERROR;
				CLANG_WARN_RANGE_LOOP_ANALYSIS = YES;
				CLANG_WARN_STRICT_PROTOTYPES = YES;
				CLANG_WARN_SUSPICIOUS_MOVE = YES;
				CLANG_WARN_UNGUARDED_AVAILABILITY = YES_AGGRESSIVE;
				CLANG_WARN_UNREACHABLE_CODE = YES;
				CLANG_WARN__DUPLICATE_METHOD_MATCH = YES;
				COPY_PHASE_STRIP = NO;
				DEBUG_INFORMATION_FORMAT = "dwarf-with-dsym";
				ENABLE_NS_ASSERTIONS = NO;
				ENABLE_STRICT_OBJC_MSGSEND = YES;
				GCC_C_LANGUAGE_STANDARD = gnu11;
				GCC_NO_COMMON_BLOCKS = YES;
				GCC_WARN_64_TO_32_BIT_CONVERSION = YES;
				GCC_WARN_ABOUT_RETURN_TYPE = YES_ERROR;
				GCC_WARN_UNDECLARED_SELECTOR = YES;
				GCC_WARN_UNINITIALIZED_AUTOS = YES_AGGRESSIVE;
				GCC_WARN_UNUSED_FUNCTION = YES;
				GCC_WARN_UNUSED_VARIABLE = YES;
				IPHONEOS_DEPLOYMENT_TARGET = 13.2;
				MTL_ENABLE_DEBUG_INFO = NO;
				MTL_FAST_MATH = YES;
				SDKROOT = iphoneos;
				SWIFT_COMPILATION_MODE = wholemodule;
				SWIFT_OPTIMIZATION_LEVEL = "-O";
				VALIDATE_PRODUCT = YES;
			};
			name = Release;
		};
		74CB26282422C0A5007FE20A /* Debug */ = {
			isa = XCBuildConfiguration;
			buildSettings = {
				ASSETCATALOG_COMPILER_APPICON_NAME = AppIcon;
				CODE_SIGN_STYLE = Automatic;
				DEVELOPMENT_TEAM = FGCRV72242;
				INFOPLIST_FILE = Contacts/Info.plist;
				LD_RUNPATH_SEARCH_PATHS = (
					"$(inherited)",
					"@executable_path/Frameworks",
				);
				PRODUCT_BUNDLE_IDENTIFIER = ozuna.Contacts;
				PRODUCT_NAME = "$(TARGET_NAME)";
				SWIFT_VERSION = 5.0;
				TARGETED_DEVICE_FAMILY = "1,2";
			};
			name = Debug;
		};
		74CB26292422C0A5007FE20A /* Release */ = {
			isa = XCBuildConfiguration;
			buildSettings = {
				ASSETCATALOG_COMPILER_APPICON_NAME = AppIcon;
				CODE_SIGN_STYLE = Automatic;
				DEVELOPMENT_TEAM = FGCRV72242;
				INFOPLIST_FILE = Contacts/Info.plist;
				LD_RUNPATH_SEARCH_PATHS = (
					"$(inherited)",
					"@executable_path/Frameworks",
				);
				PRODUCT_BUNDLE_IDENTIFIER = ozuna.Contacts;
				PRODUCT_NAME = "$(TARGET_NAME)";
				SWIFT_VERSION = 5.0;
				TARGETED_DEVICE_FAMILY = "1,2";
			};
			name = Release;
		};
/* End XCBuildConfiguration section */

/* Begin XCConfigurationList section */
		74CB260C2422C0A3007FE20A /* Build configuration list for PBXProject "Contacts" */ = {
			isa = XCConfigurationList;
			buildConfigurations = (
				74CB26252422C0A5007FE20A /* Debug */,
				74CB26262422C0A5007FE20A /* Release */,
			);
			defaultConfigurationIsVisible = 0;
			defaultConfigurationName = Release;
		};
		74CB26272422C0A5007FE20A /* Build configuration list for PBXNativeTarget "Contacts" */ = {
			isa = XCConfigurationList;
			buildConfigurations = (
				74CB26282422C0A5007FE20A /* Debug */,
				74CB26292422C0A5007FE20A /* Release */,
			);
			defaultConfigurationIsVisible = 0;
			defaultConfigurationName = Release;
		};
/* End XCConfigurationList section */
	};
	rootObject = 74CB26092422C0A3007FE20A /* Project object */;
}
